// !$*UTF8*$!
{
	archiveVersion = 1;
	classes = {
	};
	objectVersion = 46;
	objects = {

/* Begin PBXBuildFile section */
		BFD322B91F04AD5000B90DDD /* Assets.xcassets in Resources */ = {isa = PBXBuildFile; fileRef = BFD322B81F04AD5000B90DDD /* Assets.xcassets */; };
		BFD322BC1F04AD5000B90DDD /* LaunchScreen.storyboard in Resources */ = {isa = PBXBuildFile; fileRef = BFD322BA1F04AD5000B90DDD /* LaunchScreen.storyboard */; };
		BFD322C71F04AD5000B90DDD /* ViewAsCheckMarkTests.swift in Sources */ = {isa = PBXBuildFile; fileRef = BFD322C61F04AD5000B90DDD /* ViewAsCheckMarkTests.swift */; };
		BFD322D21F04AD5000B90DDD /* ViewAsCheckMarkUITests.swift in Sources */ = {isa = PBXBuildFile; fileRef = BFD322D11F04AD5000B90DDD /* ViewAsCheckMarkUITests.swift */; };
		BFD322EB1F04AE9600B90DDD /* TableViewCell.swift in Sources */ = {isa = PBXBuildFile; fileRef = BFD322EA1F04AE9600B90DDD /* TableViewCell.swift */; };
		BFD322ED1F04AEA100B90DDD /* TableViewVC.swift in Sources */ = {isa = PBXBuildFile; fileRef = BFD322EC1F04AEA100B90DDD /* TableViewVC.swift */; };
		BFD322EF1F04AEC900B90DDD /* TableView.storyboard in Resources */ = {isa = PBXBuildFile; fileRef = BFD322EE1F04AEC900B90DDD /* TableView.storyboard */; };
		BFD322F31F04AF8800B90DDD /* AppDelegate.swift in Sources */ = {isa = PBXBuildFile; fileRef = BFD322F21F04AF8800B90DDD /* AppDelegate.swift */; };
		BFD322F71F04B0AD00B90DDD /* Info.plist in Resources */ = {isa = PBXBuildFile; fileRef = BFD322F61F04B0AD00B90DDD /* Info.plist */; };
/* End PBXBuildFile section */

/* Begin PBXContainerItemProxy section */
		BFD322C31F04AD5000B90DDD /* PBXContainerItemProxy */ = {
			isa = PBXContainerItemProxy;
			containerPortal = BFD322A31F04AD5000B90DDD /* Project object */;
			proxyType = 1;
			remoteGlobalIDString = BFD322AA1F04AD5000B90DDD;
			remoteInfo = ViewAsCheckMark;
		};
		BFD322CE1F04AD5000B90DDD /* PBXContainerItemProxy */ = {
			isa = PBXContainerItemProxy;
			containerPortal = BFD322A31F04AD5000B90DDD /* Project object */;
			proxyType = 1;
			remoteGlobalIDString = BFD322AA1F04AD5000B90DDD;
			remoteInfo = ViewAsCheckMark;
		};
/* End PBXContainerItemProxy section */

/* Begin PBXFileReference section */
		BFD322AB1F04AD5000B90DDD /* ViewAsCheckMark.app */ = {isa = PBXFileReference; explicitFileType = wrapper.application; includeInIndex = 0; path = ViewAsCheckMark.app; sourceTree = BUILT_PRODUCTS_DIR; };
		BFD322B81F04AD5000B90DDD /* Assets.xcassets */ = {isa = PBXFileReference; lastKnownFileType = folder.assetcatalog; path = Assets.xcassets; sourceTree = "<group>"; };
		BFD322BB1F04AD5000B90DDD /* Base */ = {isa = PBXFileReference; lastKnownFileType = file.storyboard; name = Base; path = Base.lproj/LaunchScreen.storyboard; sourceTree = "<group>"; };
		BFD322C21F04AD5000B90DDD /* ViewAsCheckMarkTests.xctest */ = {isa = PBXFileReference; explicitFileType = wrapper.cfbundle; includeInIndex = 0; path = ViewAsCheckMarkTests.xctest; sourceTree = BUILT_PRODUCTS_DIR; };
		BFD322C61F04AD5000B90DDD /* ViewAsCheckMarkTests.swift */ = {isa = PBXFileReference; lastKnownFileType = sourcecode.swift; path = ViewAsCheckMarkTests.swift; sourceTree = "<group>"; };
		BFD322C81F04AD5000B90DDD /* Info.plist */ = {isa = PBXFileReference; lastKnownFileType = text.plist.xml; path = Info.plist; sourceTree = "<group>"; };
		BFD322CD1F04AD5000B90DDD /* ViewAsCheckMarkUITests.xctest */ = {isa = PBXFileReference; explicitFileType = wrapper.cfbundle; includeInIndex = 0; path = ViewAsCheckMarkUITests.xctest; sourceTree = BUILT_PRODUCTS_DIR; };
		BFD322D11F04AD5000B90DDD /* ViewAsCheckMarkUITests.swift */ = {isa = PBXFileReference; lastKnownFileType = sourcecode.swift; path = ViewAsCheckMarkUITests.swift; sourceTree = "<group>"; };
		BFD322D31F04AD5000B90DDD /* Info.plist */ = {isa = PBXFileReference; lastKnownFileType = text.plist.xml; path = Info.plist; sourceTree = "<group>"; };
		BFD322EA1F04AE9600B90DDD /* TableViewCell.swift */ = {isa = PBXFileReference; fileEncoding = 4; lastKnownFileType = sourcecode.swift; name = TableViewCell.swift; path = view/TableViewCell.swift; sourceTree = "<group>"; };
		BFD322EC1F04AEA100B90DDD /* TableViewVC.swift */ = {isa = PBXFileReference; fileEncoding = 4; lastKnownFileType = sourcecode.swift; name = TableViewVC.swift; path = controller/TableViewVC.swift; sourceTree = "<group>"; };
		BFD322EE1F04AEC900B90DDD /* TableView.storyboard */ = {isa = PBXFileReference; fileEncoding = 4; lastKnownFileType = file.storyboard; name = TableView.storyboard; path = view/TableView.storyboard; sourceTree = "<group>"; };
		BFD322F21F04AF8800B90DDD /* AppDelegate.swift */ = {isa = PBXFileReference; fileEncoding = 4; lastKnownFileType = sourcecode.swift; name = AppDelegate.swift; path = support/AppDelegate.swift; sourceTree = "<group>"; };
		BFD322F61F04B0AD00B90DDD /* Info.plist */ = {isa = PBXFileReference; fileEncoding = 4; lastKnownFileType = text.plist.xml; path = Info.plist; sourceTree = "<group>"; };
/* End PBXFileReference section */

/* Begin PBXFrameworksBuildPhase section */
		BFD322A81F04AD5000B90DDD /* Frameworks */ = {
			isa = PBXFrameworksBuildPhase;
			buildActionMask = 2147483647;
			files = (
			);
			runOnlyForDeploymentPostprocessing = 0;
		};
		BFD322BF1F04AD5000B90DDD /* Frameworks */ = {
			isa = PBXFrameworksBuildPhase;
			buildActionMask = 2147483647;
			files = (
			);
			runOnlyForDeploymentPostprocessing = 0;
		};
		BFD322CA1F04AD5000B90DDD /* Frameworks */ = {
			isa = PBXFrameworksBuildPhase;
			buildActionMask = 2147483647;
			files = (
			);
			runOnlyForDeploymentPostprocessing = 0;
		};
/* End PBXFrameworksBuildPhase section */

/* Begin PBXGroup section */
		BFD322A21F04AD5000B90DDD = {
			isa = PBXGroup;
			children = (
				BFD322AD1F04AD5000B90DDD /* ViewAsCheckMark */,
				BFD322C51F04AD5000B90DDD /* ViewAsCheckMarkTests */,
				BFD322D01F04AD5000B90DDD /* ViewAsCheckMarkUITests */,
				BFD322AC1F04AD5000B90DDD /* Products */,
			);
			sourceTree = "<group>";
		};
		BFD322AC1F04AD5000B90DDD /* Products */ = {
			isa = PBXGroup;
			children = (
				BFD322AB1F04AD5000B90DDD /* ViewAsCheckMark.app */,
				BFD322C21F04AD5000B90DDD /* ViewAsCheckMarkTests.xctest */,
				BFD322CD1F04AD5000B90DDD /* ViewAsCheckMarkUITests.xctest */,
			);
			name = Products;
			sourceTree = "<group>";
		};
		BFD322AD1F04AD5000B90DDD /* ViewAsCheckMark */ = {
			isa = PBXGroup;
			children = (
				BFD322E71F04AD9F00B90DDD /* Support */,
				BFD322E01F04AD7400B90DDD /* view */,
				BFD322DF1F04AD6500B90DDD /* controller */,
				BFD322B81F04AD5000B90DDD /* Assets.xcassets */,
			);
			path = ViewAsCheckMark;
			sourceTree = "<group>";
		};
		BFD322C51F04AD5000B90DDD /* ViewAsCheckMarkTests */ = {
			isa = PBXGroup;
			children = (
				BFD322C61F04AD5000B90DDD /* ViewAsCheckMarkTests.swift */,
				BFD322C81F04AD5000B90DDD /* Info.plist */,
			);
			path = ViewAsCheckMarkTests;
			sourceTree = "<group>";
		};
		BFD322D01F04AD5000B90DDD /* ViewAsCheckMarkUITests */ = {
			isa = PBXGroup;
			children = (
				BFD322D11F04AD5000B90DDD /* ViewAsCheckMarkUITests.swift */,
				BFD322D31F04AD5000B90DDD /* Info.plist */,
			);
			path = ViewAsCheckMarkUITests;
			sourceTree = "<group>";
		};
		BFD322DF1F04AD6500B90DDD /* controller */ = {
			isa = PBXGroup;
			children = (
				BFD322EC1F04AEA100B90DDD /* TableViewVC.swift */,
			);
			name = controller;
			sourceTree = "<group>";
		};
		BFD322E01F04AD7400B90DDD /* view */ = {
			isa = PBXGroup;
			children = (
				BFD322EA1F04AE9600B90DDD /* TableViewCell.swift */,
				BFD322EE1F04AEC900B90DDD /* TableView.storyboard */,
				BFD322BA1F04AD5000B90DDD /* LaunchScreen.storyboard */,
			);
			name = view;
			sourceTree = "<group>";
		};
		BFD322E71F04AD9F00B90DDD /* Support */ = {
			isa = PBXGroup;
			children = (
				BFD322F61F04B0AD00B90DDD /* Info.plist */,
				BFD322F21F04AF8800B90DDD /* AppDelegate.swift */,
			);
			name = Support;
			sourceTree = "<group>";
		};
/* End PBXGroup section */

/* Begin PBXNativeTarget section */
		BFD322AA1F04AD5000B90DDD /* ViewAsCheckMark */ = {
			isa = PBXNativeTarget;
			buildConfigurationList = BFD322D61F04AD5000B90DDD /* Build configuration list for PBXNativeTarget "ViewAsCheckMark" */;
			buildPhases = (
				BFD322A71F04AD5000B90DDD /* Sources */,
				BFD322A81F04AD5000B90DDD /* Frameworks */,
				BFD322A91F04AD5000B90DDD /* Resources */,
			);
			buildRules = (
			);
			dependencies = (
			);
			name = ViewAsCheckMark;
			productName = ViewAsCheckMark;
			productReference = BFD322AB1F04AD5000B90DDD /* ViewAsCheckMark.app */;
			productType = "com.apple.product-type.application";
		};
		BFD322C11F04AD5000B90DDD /* ViewAsCheckMarkTests */ = {
			isa = PBXNativeTarget;
			buildConfigurationList = BFD322D91F04AD5000B90DDD /* Build configuration list for PBXNativeTarget "ViewAsCheckMarkTests" */;
			buildPhases = (
				BFD322BE1F04AD5000B90DDD /* Sources */,
				BFD322BF1F04AD5000B90DDD /* Frameworks */,
				BFD322C01F04AD5000B90DDD /* Resources */,
			);
			buildRules = (
			);
			dependencies = (
				BFD322C41F04AD5000B90DDD /* PBXTargetDependency */,
			);
			name = ViewAsCheckMarkTests;
			productName = ViewAsCheckMarkTests;
			productReference = BFD322C21F04AD5000B90DDD /* ViewAsCheckMarkTests.xctest */;
			productType = "com.apple.product-type.bundle.unit-test";
		};
		BFD322CC1F04AD5000B90DDD /* ViewAsCheckMarkUITests */ = {
			isa = PBXNativeTarget;
			buildConfigurationList = BFD322DC1F04AD5000B90DDD /* Build configuration list for PBXNativeTarget "ViewAsCheckMarkUITests" */;
			buildPhases = (
				BFD322C91F04AD5000B90DDD /* Sources */,
				BFD322CA1F04AD5000B90DDD /* Frameworks */,
				BFD322CB1F04AD5000B90DDD /* Resources */,
			);
			buildRules = (
			);
			dependencies = (
				BFD322CF1F04AD5000B90DDD /* PBXTargetDependency */,
			);
			name = ViewAsCheckMarkUITests;
			productName = ViewAsCheckMarkUITests;
			productReference = BFD322CD1F04AD5000B90DDD /* ViewAsCheckMarkUITests.xctest */;
			productType = "com.apple.product-type.bundle.ui-testing";
		};
/* End PBXNativeTarget section */

/* Begin PBXProject section */
		BFD322A31F04AD5000B90DDD /* Project object */ = {
			isa = PBXProject;
			attributes = {
				LastSwiftUpdateCheck = 0830;
				LastUpgradeCheck = 0830;
				ORGANIZATIONNAME = nabin;
				TargetAttributes = {
					BFD322AA1F04AD5000B90DDD = {
						CreatedOnToolsVersion = 8.3.2;
						ProvisioningStyle = Automatic;
					};
					BFD322C11F04AD5000B90DDD = {
						CreatedOnToolsVersion = 8.3.2;
						ProvisioningStyle = Automatic;
						TestTargetID = BFD322AA1F04AD5000B90DDD;
					};
					BFD322CC1F04AD5000B90DDD = {
						CreatedOnToolsVersion = 8.3.2;
						ProvisioningStyle = Automatic;
						TestTargetID = BFD322AA1F04AD5000B90DDD;
					};
				};
			};
			buildConfigurationList = BFD322A61F04AD5000B90DDD /* Build configuration list for PBXProject "ViewAsCheckMark" */;
			compatibilityVersion = "Xcode 3.2";
			developmentRegion = English;
			hasScannedForEncodings = 0;
			knownRegions = (
				en,
				Base,
			);
			mainGroup = BFD322A21F04AD5000B90DDD;
			productRefGroup = BFD322AC1F04AD5000B90DDD /* Products */;
			projectDirPath = "";
			projectRoot = "";
			targets = (
				BFD322AA1F04AD5000B90DDD /* ViewAsCheckMark */,
				BFD322C11F04AD5000B90DDD /* ViewAsCheckMarkTests */,
				BFD322CC1F04AD5000B90DDD /* ViewAsCheckMarkUITests */,
			);
		};
/* End PBXProject section */

/* Begin PBXResourcesBuildPhase section */
		BFD322A91F04AD5000B90DDD /* Resources */ = {
			isa = PBXResourcesBuildPhase;
			buildActionMask = 2147483647;
			files = (
				BFD322F71F04B0AD00B90DDD /* Info.plist in Resources */,
				BFD322BC1F04AD5000B90DDD /* LaunchScreen.storyboard in Resources */,
				BFD322EF1F04AEC900B90DDD /* TableView.storyboard in Resources */,
				BFD322B91F04AD5000B90DDD /* Assets.xcassets in Resources */,
			);
			runOnlyForDeploymentPostprocessing = 0;
		};
		BFD322C01F04AD5000B90DDD /* Resources */ = {
			isa = PBXResourcesBuildPhase;
			buildActionMask = 2147483647;
			files = (
			);
			runOnlyForDeploymentPostprocessing = 0;
		};
		BFD322CB1F04AD5000B90DDD /* Resources */ = {
			isa = PBXResourcesBuildPhase;
			buildActionMask = 2147483647;
			files = (
			);
			runOnlyForDeploymentPostprocessing = 0;
		};
/* End PBXResourcesBuildPhase section */

/* Begin PBXSourcesBuildPhase section */
		BFD322A71F04AD5000B90DDD /* Sources */ = {
			isa = PBXSourcesBuildPhase;
			buildActionMask = 2147483647;
			files = (
				BFD322F31F04AF8800B90DDD /* AppDelegate.swift in Sources */,
				BFD322EB1F04AE9600B90DDD /* TableViewCell.swift in Sources */,
				BFD322ED1F04AEA100B90DDD /* TableViewVC.swift in Sources */,
			);
			runOnlyForDeploymentPostprocessing = 0;
		};
		BFD322BE1F04AD5000B90DDD /* Sources */ = {
			isa = PBXSourcesBuildPhase;
			buildActionMask = 2147483647;
			files = (
				BFD322C71F04AD5000B90DDD /* ViewAsCheckMarkTests.swift in Sources */,
			);
			runOnlyForDeploymentPostprocessing = 0;
		};
		BFD322C91F04AD5000B90DDD /* Sources */ = {
			isa = PBXSourcesBuildPhase;
			buildActionMask = 2147483647;
			files = (
				BFD322D21F04AD5000B90DDD /* ViewAsCheckMarkUITests.swift in Sources */,
			);
			runOnlyForDeploymentPostprocessing = 0;
		};
/* End PBXSourcesBuildPhase section */

/* Begin PBXTargetDependency section */
		BFD322C41F04AD5000B90DDD /* PBXTargetDependency */ = {
			isa = PBXTargetDependency;
			target = BFD322AA1F04AD5000B90DDD /* ViewAsCheckMark */;
			targetProxy = BFD322C31F04AD5000B90DDD /* PBXContainerItemProxy */;
		};
		BFD322CF1F04AD5000B90DDD /* PBXTargetDependency */ = {
			isa = PBXTargetDependency;
			target = BFD322AA1F04AD5000B90DDD /* ViewAsCheckMark */;
			targetProxy = BFD322CE1F04AD5000B90DDD /* PBXContainerItemProxy */;
		};
/* End PBXTargetDependency section */

/* Begin PBXVariantGroup section */
		BFD322BA1F04AD5000B90DDD /* LaunchScreen.storyboard */ = {
			isa = PBXVariantGroup;
			children = (
				BFD322BB1F04AD5000B90DDD /* Base */,
			);
			name = LaunchScreen.storyboard;
			sourceTree = "<group>";
		};
/* End PBXVariantGroup section */

/* Begin XCBuildConfiguration section */
		BFD322D41F04AD5000B90DDD /* Debug */ = {
			isa = XCBuildConfiguration;
			buildSettings = {
				ALWAYS_SEARCH_USER_PATHS = NO;
				CLANG_ANALYZER_NONNULL = YES;
				CLANG_ANALYZER_NUMBER_OBJECT_CONVERSION = YES_AGGRESSIVE;
				CLANG_CXX_LANGUAGE_STANDARD = "gnu++0x";
				CLANG_CXX_LIBRARY = "libc++";
				CLANG_ENABLE_MODULES = YES;
				CLANG_ENABLE_OBJC_ARC = YES;
				CLANG_WARN_BOOL_CONVERSION = YES;
				CLANG_WARN_CONSTANT_CONVERSION = YES;
				CLANG_WARN_DIRECT_OBJC_ISA_USAGE = YES_ERROR;
				CLANG_WARN_DOCUMENTATION_COMMENTS = YES;
				CLANG_WARN_EMPTY_BODY = YES;
				CLANG_WARN_ENUM_CONVERSION = YES;
				CLANG_WARN_INFINITE_RECURSION = YES;
				CLANG_WARN_INT_CONVERSION = YES;
				CLANG_WARN_OBJC_ROOT_CLASS = YES_ERROR;
				CLANG_WARN_SUSPICIOUS_MOVE = YES;
				CLANG_WARN_UNREACHABLE_CODE = YES;
				CLANG_WARN__DUPLICATE_METHOD_MATCH = YES;
				"CODE_SIGN_IDENTITY[sdk=iphoneos*]" = "iPhone Developer";
				COPY_PHASE_STRIP = NO;
				DEBUG_INFORMATION_FORMAT = dwarf;
				ENABLE_STRICT_OBJC_MSGSEND = YES;
				ENABLE_TESTABILITY = YES;
				GCC_C_LANGUAGE_STANDARD = gnu99;
				GCC_DYNAMIC_NO_PIC = NO;
				GCC_NO_COMMON_BLOCKS = YES;
				GCC_OPTIMIZATION_LEVEL = 0;
				GCC_PREPROCESSOR_DEFINITIONS = (
					"DEBUG=1",
					"$(inherited)",
				);
				GCC_WARN_64_TO_32_BIT_CONVERSION = YES;
				GCC_WARN_ABOUT_RETURN_TYPE = YES_ERROR;
				GCC_WARN_UNDECLARED_SELECTOR = YES;
				GCC_WARN_UNINITIALIZED_AUTOS = YES_AGGRESSIVE;
				GCC_WARN_UNUSED_FUNCTION = YES;
				GCC_WARN_UNUSED_VARIABLE = YES;
				IPHONEOS_DEPLOYMENT_TARGET = 10.3;
				MTL_ENABLE_DEBUG_INFO = YES;
				ONLY_ACTIVE_ARCH = YES;
				SDKROOT = iphoneos;
				SWIFT_ACTIVE_COMPILATION_CONDITIONS = DEBUG;
				SWIFT_OPTIMIZATION_LEVEL = "-Onone";
				TARGETED_DEVICE_FAMILY = "1,2";
			};
			name = Debug;
		};
		BFD322D51F04AD5000B90DDD /* Release */ = {
			isa = XCBuildConfiguration;
			buildSettings = {
				ALWAYS_SEARCH_USER_PATHS = NO;
				CLANG_ANALYZER_NONNULL = YES;
				CLANG_ANALYZER_NUMBER_OBJECT_CONVERSION = YES_AGGRESSIVE;
				CLANG_CXX_LANGUAGE_STANDARD = "gnu++0x";
				CLANG_CXX_LIBRARY = "libc++";
				CLANG_ENABLE_MODULES = YES;
				CLANG_ENABLE_OBJC_ARC = YES;
				CLANG_WARN_BOOL_CONVERSION = YES;
				CLANG_WARN_CONSTANT_CONVERSION = YES;
				CLANG_WARN_DIRECT_OBJC_ISA_USAGE = YES_ERROR;
				CLANG_WARN_DOCUMENTATION_COMMENTS = YES;
				CLANG_WARN_EMPTY_BODY = YES;
				CLANG_WARN_ENUM_CONVERSION = YES;
				CLANG_WARN_INFINITE_RECURSION = YES;
				CLANG_WARN_INT_CONVERSION = YES;
				CLANG_WARN_OBJC_ROOT_CLASS = YES_ERROR;
				CLANG_WARN_SUSPICIOUS_MOVE = YES;
				CLANG_WARN_UNREACHABLE_CODE = YES;
				CLANG_WARN__DUPLICATE_METHOD_MATCH = YES;
				"CODE_SIGN_IDENTITY[sdk=iphoneos*]" = "iPhone Developer";
				COPY_PHASE_STRIP = NO;
				DEBUG_INFORMATION_FORMAT = "dwarf-with-dsym";
				ENABLE_NS_ASSERTIONS = NO;
				ENABLE_STRICT_OBJC_MSGSEND = YES;
				GCC_C_LANGUAGE_STANDARD = gnu99;
				GCC_NO_COMMON_BLOCKS = YES;
				GCC_WARN_64_TO_32_BIT_CONVERSION = YES;
				GCC_WARN_ABOUT_RETURN_TYPE = YES_ERROR;
				GCC_WARN_UNDECLARED_SELECTOR = YES;
				GCC_WARN_UNINITIALIZED_AUTOS = YES_AGGRESSIVE;
				GCC_WARN_UNUSED_FUNCTION = YES;
				GCC_WARN_UNUSED_VARIABLE = YES;
				IPHONEOS_DEPLOYMENT_TARGET = 10.3;
				MTL_ENABLE_DEBUG_INFO = NO;
				SDKROOT = iphoneos;
				SWIFT_OPTIMIZATION_LEVEL = "-Owholemodule";
				TARGETED_DEVICE_FAMILY = "1,2";
				VALIDATE_PRODUCT = YES;
			};
			name = Release;
		};
		BFD322D71F04AD5000B90DDD /* Debug */ = {
			isa = XCBuildConfiguration;
			buildSettings = {
				ASSETCATALOG_COMPILER_APPICON_NAME = AppIcon;
				INFOPLIST_FILE = ViewAsCheckMark/Info.plist;
				LD_RUNPATH_SEARCH_PATHS = "$(inherited) @executable_path/Frameworks";
				PRODUCT_BUNDLE_IDENTIFIER = com.NAbin.ViewAsCheckMark;
				PRODUCT_NAME = "$(TARGET_NAME)";
				SWIFT_VERSION = 3.0;
			};
			name = Debug;
		};
		BFD322D81F04AD5000B90DDD /* Release */ = {
			isa = XCBuildConfiguration;
			buildSettings = {
				ASSETCATALOG_COMPILER_APPICON_NAME = AppIcon;
				INFOPLIST_FILE = ViewAsCheckMark/Info.plist;
				LD_RUNPATH_SEARCH_PATHS = "$(inherited) @executable_path/Frameworks";
				PRODUCT_BUNDLE_IDENTIFIER = com.NAbin.ViewAsCheckMark;
				PRODUCT_NAME = "$(TARGET_NAME)";
				SWIFT_VERSION = 3.0;
			};
			name = Release;
		};
		BFD322DA1F04AD5000B90DDD /* Debug */ = {
			isa = XCBuildConfiguration;
			buildSettings = {
				ALWAYS_EMBED_SWIFT_STANDARD_LIBRARIES = YES;
				BUNDLE_LOADER = "$(TEST_HOST)";
				INFOPLIST_FILE = ViewAsCheckMarkTests/Info.plist;
				LD_RUNPATH_SEARCH_PATHS = "$(inherited) @executable_path/Frameworks @loader_path/Frameworks";
				PRODUCT_BUNDLE_IDENTIFIER = com.NAbin.ViewAsCheckMarkTests;
				PRODUCT_NAME = "$(TARGET_NAME)";
				SWIFT_VERSION = 3.0;
				TEST_HOST = "$(BUILT_PRODUCTS_DIR)/ViewAsCheckMark.app/ViewAsCheckMark";
			};
			name = Debug;
		};
		BFD322DB1F04AD5000B90DDD /* Release */ = {
			isa = XCBuildConfiguration;
			buildSettings = {
				ALWAYS_EMBED_SWIFT_STANDARD_LIBRARIES = YES;
				BUNDLE_LOADER = "$(TEST_HOST)";
				INFOPLIST_FILE = ViewAsCheckMarkTests/Info.plist;
				LD_RUNPATH_SEARCH_PATHS = "$(inherited) @executable_path/Frameworks @loader_path/Frameworks";
				PRODUCT_BUNDLE_IDENTIFIER = com.NAbin.ViewAsCheckMarkTests;
				PRODUCT_NAME = "$(TARGET_NAME)";
				SWIFT_VERSION = 3.0;
				TEST_HOST = "$(BUILT_PRODUCTS_DIR)/ViewAsCheckMark.app/ViewAsCheckMark";
			};
			name = Release;
		};
		BFD322DD1F04AD5000B90DDD /* Debug */ = {
			isa = XCBuildConfiguration;
			buildSettings = {
				ALWAYS_EMBED_SWIFT_STANDARD_LIBRARIES = YES;
				INFOPLIST_FILE = ViewAsCheckMarkUITests/Info.plist;
				LD_RUNPATH_SEARCH_PATHS = "$(inherited) @executable_path/Frameworks @loader_path/Frameworks";
				PRODUCT_BUNDLE_IDENTIFIER = com.NAbin.ViewAsCheckMarkUITests;
				PRODUCT_NAME = "$(TARGET_NAME)";
				SWIFT_VERSION = 3.0;
				TEST_TARGET_NAME = ViewAsCheckMark;
			};
			name = Debug;
		};
		BFD322DE1F04AD5000B90DDD /* Release */ = {
			isa = XCBuildConfiguration;
			buildSettings = {
				ALWAYS_EMBED_SWIFT_STANDARD_LIBRARIES = YES;
				INFOPLIST_FILE = ViewAsCheckMarkUITests/Info.plist;
				LD_RUNPATH_SEARCH_PATHS = "$(inherited) @executable_path/Frameworks @loader_path/Frameworks";
				PRODUCT_BUNDLE_IDENTIFIER = com.NAbin.ViewAsCheckMarkUITests;
				PRODUCT_NAME = "$(TARGET_NAME)";
				SWIFT_VERSION = 3.0;
				TEST_TARGET_NAME = ViewAsCheckMark;
			};
			name = Release;
		};
/* End XCBuildConfiguration section */

/* Begin XCConfigurationList section */
		BFD322A61F04AD5000B90DDD /* Build configuration list for PBXProject "ViewAsCheckMark" */ = {
			isa = XCConfigurationList;
			buildConfigurations = (
				BFD322D41F04AD5000B90DDD /* Debug */,
				BFD322D51F04AD5000B90DDD /* Release */,
			);
			defaultConfigurationIsVisible = 0;
			defaultConfigurationName = Release;
		};
		BFD322D61F04AD5000B90DDD /* Build configuration list for PBXNativeTarget "ViewAsCheckMark" */ = {
			isa = XCConfigurationList;
			buildConfigurations = (
				BFD322D71F04AD5000B90DDD /* Debug */,
				BFD322D81F04AD5000B90DDD /* Release */,
			);
			defaultConfigurationIsVisible = 0;
			defaultConfigurationName = Release;
		};
		BFD322D91F04AD5000B90DDD /* Build configuration list for PBXNativeTarget "ViewAsCheckMarkTests" */ = {
			isa = XCConfigurationList;
			buildConfigurations = (
				BFD322DA1F04AD5000B90DDD /* Debug */,
				BFD322DB1F04AD5000B90DDD /* Release */,
			);
			defaultConfigurationIsVisible = 0;
			defaultConfigurationName = Release;
		};
		BFD322DC1F04AD5000B90DDD /* Build configuration list for PBXNativeTarget "ViewAsCheckMarkUITests" */ = {
			isa = XCConfigurationList;
			buildConfigurations = (
				BFD322DD1F04AD5000B90DDD /* Debug */,
				BFD322DE1F04AD5000B90DDD /* Release */,
			);
			defaultConfigurationIsVisible = 0;
			defaultConfigurationName = Release;
		};
/* End XCConfigurationList section */
	};
	rootObject = BFD322A31F04AD5000B90DDD /* Project object */;
}
